// !$*UTF8*$!
{
	archiveVersion = 1;
	classes = {
	};
	objectVersion = 46;
	objects = {

/* Begin PBXBuildFile section */
		0F27650ED09DC67764ACDF6F /* libPods.a in Frameworks */ = {isa = PBXBuildFile; fileRef = 64A9BE92333C77DD824A5FA1 /* libPods.a */; };
		FD1224161A74FB8700EC2772 /* main.m in Sources */ = {isa = PBXBuildFile; fileRef = FD1224151A74FB8700EC2772 /* main.m */; };
		FD1224191A74FB8700EC2772 /* AppDelegate.m in Sources */ = {isa = PBXBuildFile; fileRef = FD1224181A74FB8700EC2772 /* AppDelegate.m */; };
		FD12241F1A74FB8700EC2772 /* Main.storyboard in Resources */ = {isa = PBXBuildFile; fileRef = FD12241D1A74FB8700EC2772 /* Main.storyboard */; };
		FD1224211A74FB8700EC2772 /* Images.xcassets in Resources */ = {isa = PBXBuildFile; fileRef = FD1224201A74FB8700EC2772 /* Images.xcassets */; };
		FD1224241A74FB8700EC2772 /* LaunchScreen.xib in Resources */ = {isa = PBXBuildFile; fileRef = FD1224221A74FB8700EC2772 /* LaunchScreen.xib */; };
		FD1224301A74FB8700EC2772 /* VKStatusesTests.m in Sources */ = {isa = PBXBuildFile; fileRef = FD12242F1A74FB8700EC2772 /* VKStatusesTests.m */; };
		FD12243C1A74FD5C00EC2772 /* VKStatuses.xcdatamodeld in Sources */ = {isa = PBXBuildFile; fileRef = FD12243A1A74FD5C00EC2772 /* VKStatuses.xcdatamodeld */; };
		FD1224421A76231800EC2772 /* StatusGroup.m in Sources */ = {isa = PBXBuildFile; fileRef = FD1224411A76231800EC2772 /* StatusGroup.m */; };
		FD1224451A76231900EC2772 /* Status.m in Sources */ = {isa = PBXBuildFile; fileRef = FD1224441A76231900EC2772 /* Status.m */; };
		FD1224491A7623F500EC2772 /* ShareManager.m in Sources */ = {isa = PBXBuildFile; fileRef = FD1224481A7623F500EC2772 /* ShareManager.m */; };
		FD12244C1A76241300EC2772 /* DBManager.m in Sources */ = {isa = PBXBuildFile; fileRef = FD12244B1A76241300EC2772 /* DBManager.m */; };
		FD1224531A765F9600EC2772 /* DownloadManager.m in Sources */ = {isa = PBXBuildFile; fileRef = FD1224521A765F9600EC2772 /* DownloadManager.m */; };
		FD8981F01A98BAE300BD771A /* LoadGroupsCommand.m in Sources */ = {isa = PBXBuildFile; fileRef = FD8981EF1A98BAE300BD771A /* LoadGroupsCommand.m */; };
		FDD0D9BA1A77C7E30042E72B /* StatusGroupCell.m in Sources */ = {isa = PBXBuildFile; fileRef = FDD0D9B91A77C7E30042E72B /* StatusGroupCell.m */; };
		FDD0D9BF1A77C82F0042E72B /* MainViewController.m in Sources */ = {isa = PBXBuildFile; fileRef = FDD0D9BE1A77C82F0042E72B /* MainViewController.m */; };
		FDD0D9C21A77C8480042E72B /* StatusGroupsTableDataSource.m in Sources */ = {isa = PBXBuildFile; fileRef = FDD0D9C11A77C8480042E72B /* StatusGroupsTableDataSource.m */; };
		FDD0D9C51A77CCB30042E72B /* StatusGroupViewController.m in Sources */ = {isa = PBXBuildFile; fileRef = FDD0D9C41A77CCB30042E72B /* StatusGroupViewController.m */; };
		FDD0D9C81A77CCC60042E72B /* StatusListDataSource.m in Sources */ = {isa = PBXBuildFile; fileRef = FDD0D9C71A77CCC60042E72B /* StatusListDataSource.m */; };
		FDE3B3091A7699B700FEAFF0 /* DownloadCommand.m in Sources */ = {isa = PBXBuildFile; fileRef = FDE3B3081A7699B700FEAFF0 /* DownloadCommand.m */; };
		FDE3B30C1A7699D400FEAFF0 /* ParseCommand.m in Sources */ = {isa = PBXBuildFile; fileRef = FDE3B30B1A7699D400FEAFF0 /* ParseCommand.m */; };
		FDE3B30F1A7699EB00FEAFF0 /* SaveEntitiesCommand.m in Sources */ = {isa = PBXBuildFile; fileRef = FDE3B30E1A7699EB00FEAFF0 /* SaveEntitiesCommand.m */; };
		FDE3B3121A7699FA00FEAFF0 /* ShareCommand.m in Sources */ = {isa = PBXBuildFile; fileRef = FDE3B3111A7699FA00FEAFF0 /* ShareCommand.m */; };
		FDE3B3191A76AA0900FEAFF0 /* Parser.m in Sources */ = {isa = PBXBuildFile; fileRef = FDE3B3181A76AA0900FEAFF0 /* Parser.m */; };
		FDE3B31D1A76C07000FEAFF0 /* EntitySaver.m in Sources */ = {isa = PBXBuildFile; fileRef = FDE3B31C1A76C07000FEAFF0 /* EntitySaver.m */; };
/* End PBXBuildFile section */

/* Begin PBXContainerItemProxy section */
		FD12242A1A74FB8700EC2772 /* PBXContainerItemProxy */ = {
			isa = PBXContainerItemProxy;
			containerPortal = FD1224081A74FB8700EC2772 /* Project object */;
			proxyType = 1;
			remoteGlobalIDString = FD12240F1A74FB8700EC2772;
			remoteInfo = VKStatuses;
		};
/* End PBXContainerItemProxy section */

/* Begin PBXFileReference section */
		2EAB3DB8D8E303A9679E74DC /* Pods.debug.xcconfig */ = {isa = PBXFileReference; includeInIndex = 1; lastKnownFileType = text.xcconfig; name = Pods.debug.xcconfig; path = "Pods/Target Support Files/Pods/Pods.debug.xcconfig"; sourceTree = "<group>"; };
		38B36714132A18961D6CC66A /* Pods.release.xcconfig */ = {isa = PBXFileReference; includeInIndex = 1; lastKnownFileType = text.xcconfig; name = Pods.release.xcconfig; path = "Pods/Target Support Files/Pods/Pods.release.xcconfig"; sourceTree = "<group>"; };
		64A9BE92333C77DD824A5FA1 /* libPods.a */ = {isa = PBXFileReference; explicitFileType = archive.ar; includeInIndex = 0; path = libPods.a; sourceTree = BUILT_PRODUCTS_DIR; };
		FD1224101A74FB8700EC2772 /* VKStatuses.app */ = {isa = PBXFileReference; explicitFileType = wrapper.application; includeInIndex = 0; path = VKStatuses.app; sourceTree = BUILT_PRODUCTS_DIR; };
		FD1224141A74FB8700EC2772 /* Info.plist */ = {isa = PBXFileReference; lastKnownFileType = text.plist.xml; path = Info.plist; sourceTree = "<group>"; };
		FD1224151A74FB8700EC2772 /* main.m */ = {isa = PBXFileReference; lastKnownFileType = sourcecode.c.objc; path = main.m; sourceTree = "<group>"; };
		FD1224171A74FB8700EC2772 /* AppDelegate.h */ = {isa = PBXFileReference; lastKnownFileType = sourcecode.c.h; path = AppDelegate.h; sourceTree = "<group>"; };
		FD1224181A74FB8700EC2772 /* AppDelegate.m */ = {isa = PBXFileReference; lastKnownFileType = sourcecode.c.objc; path = AppDelegate.m; sourceTree = "<group>"; };
		FD12241E1A74FB8700EC2772 /* Base */ = {isa = PBXFileReference; lastKnownFileType = file.storyboard; name = Base; path = Base.lproj/Main.storyboard; sourceTree = "<group>"; };
		FD1224201A74FB8700EC2772 /* Images.xcassets */ = {isa = PBXFileReference; lastKnownFileType = folder.assetcatalog; path = Images.xcassets; sourceTree = "<group>"; };
		FD1224231A74FB8700EC2772 /* Base */ = {isa = PBXFileReference; lastKnownFileType = file.xib; name = Base; path = Base.lproj/LaunchScreen.xib; sourceTree = "<group>"; };
		FD1224291A74FB8700EC2772 /* VKStatusesTests.xctest */ = {isa = PBXFileReference; explicitFileType = wrapper.cfbundle; includeInIndex = 0; path = VKStatusesTests.xctest; sourceTree = BUILT_PRODUCTS_DIR; };
		FD12242E1A74FB8700EC2772 /* Info.plist */ = {isa = PBXFileReference; lastKnownFileType = text.plist.xml; path = Info.plist; sourceTree = "<group>"; };
		FD12242F1A74FB8700EC2772 /* VKStatusesTests.m */ = {isa = PBXFileReference; lastKnownFileType = sourcecode.c.objc; path = VKStatusesTests.m; sourceTree = "<group>"; };
		FD12243B1A74FD5C00EC2772 /* VKStatuses.xcdatamodel */ = {isa = PBXFileReference; lastKnownFileType = wrapper.xcdatamodel; path = VKStatuses.xcdatamodel; sourceTree = "<group>"; };
		FD1224401A76231800EC2772 /* StatusGroup.h */ = {isa = PBXFileReference; fileEncoding = 4; lastKnownFileType = sourcecode.c.h; path = StatusGroup.h; sourceTree = "<group>"; };
		FD1224411A76231800EC2772 /* StatusGroup.m */ = {isa = PBXFileReference; fileEncoding = 4; lastKnownFileType = sourcecode.c.objc; path = StatusGroup.m; sourceTree = "<group>"; };
		FD1224431A76231900EC2772 /* Status.h */ = {isa = PBXFileReference; fileEncoding = 4; lastKnownFileType = sourcecode.c.h; path = Status.h; sourceTree = "<group>"; };
		FD1224441A76231900EC2772 /* Status.m */ = {isa = PBXFileReference; fileEncoding = 4; lastKnownFileType = sourcecode.c.objc; path = Status.m; sourceTree = "<group>"; };
		FD1224471A7623F500EC2772 /* ShareManager.h */ = {isa = PBXFileReference; fileEncoding = 4; lastKnownFileType = sourcecode.c.h; path = ShareManager.h; sourceTree = "<group>"; };
		FD1224481A7623F500EC2772 /* ShareManager.m */ = {isa = PBXFileReference; fileEncoding = 4; lastKnownFileType = sourcecode.c.objc; path = ShareManager.m; sourceTree = "<group>"; };
		FD12244A1A76241300EC2772 /* DBManager.h */ = {isa = PBXFileReference; fileEncoding = 4; lastKnownFileType = sourcecode.c.h; path = DBManager.h; sourceTree = "<group>"; };
		FD12244B1A76241300EC2772 /* DBManager.m */ = {isa = PBXFileReference; fileEncoding = 4; lastKnownFileType = sourcecode.c.objc; path = DBManager.m; sourceTree = "<group>"; };
		FD12244D1A762B6500EC2772 /* ShareHeaders.h */ = {isa = PBXFileReference; lastKnownFileType = sourcecode.c.h; path = ShareHeaders.h; sourceTree = "<group>"; };
		FD1224511A765F9600EC2772 /* DownloadManager.h */ = {isa = PBXFileReference; fileEncoding = 4; lastKnownFileType = sourcecode.c.h; path = DownloadManager.h; sourceTree = "<group>"; };
		FD1224521A765F9600EC2772 /* DownloadManager.m */ = {isa = PBXFileReference; fileEncoding = 4; lastKnownFileType = sourcecode.c.objc; path = DownloadManager.m; sourceTree = "<group>"; };
		FD8981EE1A98BAE300BD771A /* LoadGroupsCommand.h */ = {isa = PBXFileReference; fileEncoding = 4; lastKnownFileType = sourcecode.c.h; path = LoadGroupsCommand.h; sourceTree = "<group>"; };
		FD8981EF1A98BAE300BD771A /* LoadGroupsCommand.m */ = {isa = PBXFileReference; fileEncoding = 4; lastKnownFileType = sourcecode.c.objc; path = LoadGroupsCommand.m; sourceTree = "<group>"; };
		FDD0D9B81A77C7E30042E72B /* StatusGroupCell.h */ = {isa = PBXFileReference; fileEncoding = 4; lastKnownFileType = sourcecode.c.h; path = StatusGroupCell.h; sourceTree = "<group>"; };
		FDD0D9B91A77C7E30042E72B /* StatusGroupCell.m */ = {isa = PBXFileReference; fileEncoding = 4; lastKnownFileType = sourcecode.c.objc; path = StatusGroupCell.m; sourceTree = "<group>"; };
		FDD0D9BD1A77C82F0042E72B /* MainViewController.h */ = {isa = PBXFileReference; fileEncoding = 4; lastKnownFileType = sourcecode.c.h; path = MainViewController.h; sourceTree = "<group>"; };
		FDD0D9BE1A77C82F0042E72B /* MainViewController.m */ = {isa = PBXFileReference; fileEncoding = 4; lastKnownFileType = sourcecode.c.objc; path = MainViewController.m; sourceTree = "<group>"; };
		FDD0D9C01A77C8480042E72B /* StatusGroupsTableDataSource.h */ = {isa = PBXFileReference; fileEncoding = 4; lastKnownFileType = sourcecode.c.h; path = StatusGroupsTableDataSource.h; sourceTree = "<group>"; };
		FDD0D9C11A77C8480042E72B /* StatusGroupsTableDataSource.m */ = {isa = PBXFileReference; fileEncoding = 4; lastKnownFileType = sourcecode.c.objc; path = StatusGroupsTableDataSource.m; sourceTree = "<group>"; };
		FDD0D9C31A77CCB30042E72B /* StatusGroupViewController.h */ = {isa = PBXFileReference; fileEncoding = 4; lastKnownFileType = sourcecode.c.h; path = StatusGroupViewController.h; sourceTree = "<group>"; };
		FDD0D9C41A77CCB30042E72B /* StatusGroupViewController.m */ = {isa = PBXFileReference; fileEncoding = 4; lastKnownFileType = sourcecode.c.objc; path = StatusGroupViewController.m; sourceTree = "<group>"; };
		FDD0D9C61A77CCC60042E72B /* StatusListDataSource.h */ = {isa = PBXFileReference; fileEncoding = 4; lastKnownFileType = sourcecode.c.h; path = StatusListDataSource.h; sourceTree = "<group>"; };
		FDD0D9C71A77CCC60042E72B /* StatusListDataSource.m */ = {isa = PBXFileReference; fileEncoding = 4; lastKnownFileType = sourcecode.c.objc; path = StatusListDataSource.m; sourceTree = "<group>"; };
		FDE3B3071A7699B700FEAFF0 /* DownloadCommand.h */ = {isa = PBXFileReference; fileEncoding = 4; lastKnownFileType = sourcecode.c.h; path = DownloadCommand.h; sourceTree = "<group>"; };
		FDE3B3081A7699B700FEAFF0 /* DownloadCommand.m */ = {isa = PBXFileReference; fileEncoding = 4; lastKnownFileType = sourcecode.c.objc; path = DownloadCommand.m; sourceTree = "<group>"; };
		FDE3B30A1A7699D400FEAFF0 /* ParseCommand.h */ = {isa = PBXFileReference; fileEncoding = 4; lastKnownFileType = sourcecode.c.h; path = ParseCommand.h; sourceTree = "<group>"; };
		FDE3B30B1A7699D400FEAFF0 /* ParseCommand.m */ = {isa = PBXFileReference; fileEncoding = 4; lastKnownFileType = sourcecode.c.objc; path = ParseCommand.m; sourceTree = "<group>"; };
		FDE3B30D1A7699EB00FEAFF0 /* SaveEntitiesCommand.h */ = {isa = PBXFileReference; fileEncoding = 4; lastKnownFileType = sourcecode.c.h; path = SaveEntitiesCommand.h; sourceTree = "<group>"; };
		FDE3B30E1A7699EB00FEAFF0 /* SaveEntitiesCommand.m */ = {isa = PBXFileReference; fileEncoding = 4; lastKnownFileType = sourcecode.c.objc; path = SaveEntitiesCommand.m; sourceTree = "<group>"; };
		FDE3B3101A7699FA00FEAFF0 /* ShareCommand.h */ = {isa = PBXFileReference; fileEncoding = 4; lastKnownFileType = sourcecode.c.h; path = ShareCommand.h; sourceTree = "<group>"; };
		FDE3B3111A7699FA00FEAFF0 /* ShareCommand.m */ = {isa = PBXFileReference; fileEncoding = 4; lastKnownFileType = sourcecode.c.objc; path = ShareCommand.m; sourceTree = "<group>"; };
		FDE3B3141A76A11E00FEAFF0 /* CommonBlocks.h */ = {isa = PBXFileReference; lastKnownFileType = sourcecode.c.h; path = CommonBlocks.h; sourceTree = "<group>"; };
		FDE3B3151A76A1D500FEAFF0 /* BaseCommand.h */ = {isa = PBXFileReference; lastKnownFileType = sourcecode.c.h; path = BaseCommand.h; sourceTree = "<group>"; };
		FDE3B3171A76AA0900FEAFF0 /* Parser.h */ = {isa = PBXFileReference; fileEncoding = 4; lastKnownFileType = sourcecode.c.h; path = Parser.h; sourceTree = "<group>"; };
		FDE3B3181A76AA0900FEAFF0 /* Parser.m */ = {isa = PBXFileReference; fileEncoding = 4; lastKnownFileType = sourcecode.c.objc; path = Parser.m; sourceTree = "<group>"; };
		FDE3B31B1A76C07000FEAFF0 /* EntitySaver.h */ = {isa = PBXFileReference; fileEncoding = 4; lastKnownFileType = sourcecode.c.h; path = EntitySaver.h; sourceTree = "<group>"; };
		FDE3B31C1A76C07000FEAFF0 /* EntitySaver.m */ = {isa = PBXFileReference; fileEncoding = 4; lastKnownFileType = sourcecode.c.objc; path = EntitySaver.m; sourceTree = "<group>"; };
/* End PBXFileReference section */

/* Begin PBXFrameworksBuildPhase section */
		FD12240D1A74FB8700EC2772 /* Frameworks */ = {
			isa = PBXFrameworksBuildPhase;
			buildActionMask = 2147483647;
			files = (
				0F27650ED09DC67764ACDF6F /* libPods.a in Frameworks */,
			);
			runOnlyForDeploymentPostprocessing = 0;
		};
		FD1224261A74FB8700EC2772 /* Frameworks */ = {
			isa = PBXFrameworksBuildPhase;
			buildActionMask = 2147483647;
			files = (
			);
			runOnlyForDeploymentPostprocessing = 0;
		};
/* End PBXFrameworksBuildPhase section */

/* Begin PBXGroup section */
		91ABE2E32EF2C2DFD16D21C9 /* Pods */ = {
			isa = PBXGroup;
			children = (
				2EAB3DB8D8E303A9679E74DC /* Pods.debug.xcconfig */,
				38B36714132A18961D6CC66A /* Pods.release.xcconfig */,
			);
			name = Pods;
			sourceTree = "<group>";
		};
		F8DA1466C704AD228BA0BD51 /* Frameworks */ = {
			isa = PBXGroup;
			children = (
				64A9BE92333C77DD824A5FA1 /* libPods.a */,
			);
			name = Frameworks;
			sourceTree = "<group>";
		};
		FD1224071A74FB8700EC2772 = {
			isa = PBXGroup;
			children = (
				FD1224121A74FB8700EC2772 /* VKStatuses */,
				FD12242C1A74FB8700EC2772 /* VKStatusesTests */,
				FD1224111A74FB8700EC2772 /* Products */,
				91ABE2E32EF2C2DFD16D21C9 /* Pods */,
				F8DA1466C704AD228BA0BD51 /* Frameworks */,
			);
			sourceTree = "<group>";
		};
		FD1224111A74FB8700EC2772 /* Products */ = {
			isa = PBXGroup;
			children = (
				FD1224101A74FB8700EC2772 /* VKStatuses.app */,
				FD1224291A74FB8700EC2772 /* VKStatusesTests.xctest */,
			);
			name = Products;
			sourceTree = "<group>";
		};
		FD1224121A74FB8700EC2772 /* VKStatuses */ = {
			isa = PBXGroup;
			children = (
				FDE3B31A1A76BFE300FEAFF0 /* saver */,
				FDE3B3161A76A9FE00FEAFF0 /* parser */,
				FDE3B3061A7699AA00FEAFF0 /* commands */,
				FD1224541A765FB300EC2772 /* UI */,
				FD12244F1A765F8A00EC2772 /* download */,
				FD1224501A765F8A00EC2772 /* Resources */,
				FD1224461A76233500EC2772 /* shareManager */,
				FD12243D1A74FFCB00EC2772 /* entities */,
				FD1224391A74FD4800EC2772 /* model */,
				FD1224171A74FB8700EC2772 /* AppDelegate.h */,
				FD1224181A74FB8700EC2772 /* AppDelegate.m */,
				FD12241D1A74FB8700EC2772 /* Main.storyboard */,
				FD1224201A74FB8700EC2772 /* Images.xcassets */,
				FD1224221A74FB8700EC2772 /* LaunchScreen.xib */,
				FD1224131A74FB8700EC2772 /* Supporting Files */,
			);
			path = VKStatuses;
			sourceTree = "<group>";
		};
		FD1224131A74FB8700EC2772 /* Supporting Files */ = {
			isa = PBXGroup;
			children = (
				FD1224141A74FB8700EC2772 /* Info.plist */,
				FD1224151A74FB8700EC2772 /* main.m */,
				FD12244D1A762B6500EC2772 /* ShareHeaders.h */,
				FDE3B3141A76A11E00FEAFF0 /* CommonBlocks.h */,
			);
			name = "Supporting Files";
			sourceTree = "<group>";
		};
		FD12242C1A74FB8700EC2772 /* VKStatusesTests */ = {
			isa = PBXGroup;
			children = (
				FD12242F1A74FB8700EC2772 /* VKStatusesTests.m */,
				FD12242D1A74FB8700EC2772 /* Supporting Files */,
			);
			path = VKStatusesTests;
			sourceTree = "<group>";
		};
		FD12242D1A74FB8700EC2772 /* Supporting Files */ = {
			isa = PBXGroup;
			children = (
				FD12242E1A74FB8700EC2772 /* Info.plist */,
			);
			name = "Supporting Files";
			sourceTree = "<group>";
		};
		FD1224391A74FD4800EC2772 /* model */ = {
			isa = PBXGroup;
			children = (
				FD12243A1A74FD5C00EC2772 /* VKStatuses.xcdatamodeld */,
				FD12244A1A76241300EC2772 /* DBManager.h */,
				FD12244B1A76241300EC2772 /* DBManager.m */,
			);
			path = model;
			sourceTree = "<group>";
		};
		FD12243D1A74FFCB00EC2772 /* entities */ = {
			isa = PBXGroup;
			children = (
				FD1224431A76231900EC2772 /* Status.h */,
				FD1224441A76231900EC2772 /* Status.m */,
				FD1224401A76231800EC2772 /* StatusGroup.h */,
				FD1224411A76231800EC2772 /* StatusGroup.m */,
			);
			path = entities;
			sourceTree = "<group>";
		};
		FD1224461A76233500EC2772 /* shareManager */ = {
			isa = PBXGroup;
			children = (
				FD1224471A7623F500EC2772 /* ShareManager.h */,
				FD1224481A7623F500EC2772 /* ShareManager.m */,
			);
			path = shareManager;
			sourceTree = "<group>";
		};
		FD12244F1A765F8A00EC2772 /* download */ = {
			isa = PBXGroup;
			children = (
				FD1224511A765F9600EC2772 /* DownloadManager.h */,
				FD1224521A765F9600EC2772 /* DownloadManager.m */,
			);
			path = download;
			sourceTree = "<group>";
		};
		FD1224501A765F8A00EC2772 /* Resources */ = {
			isa = PBXGroup;
			children = (
			);
			path = Resources;
			sourceTree = "<group>";
		};
		FD1224541A765FB300EC2772 /* UI */ = {
			isa = PBXGroup;
			children = (
				FDD0D9BB1A77C82F0042E72B /* viewControllers */,
				FDD0D9B71A77C7CD0042E72B /* cells */,
			);
			path = UI;
			sourceTree = "<group>";
		};
		FDD0D9B71A77C7CD0042E72B /* cells */ = {
			isa = PBXGroup;
			children = (
				FDD0D9B81A77C7E30042E72B /* StatusGroupCell.h */,
				FDD0D9B91A77C7E30042E72B /* StatusGroupCell.m */,
			);
			path = cells;
			sourceTree = "<group>";
		};
		FDD0D9BB1A77C82F0042E72B /* viewControllers */ = {
			isa = PBXGroup;
			children = (
				FDD0D9BC1A77C82F0042E72B /* datasource */,
				FDD0D9BD1A77C82F0042E72B /* MainViewController.h */,
				FDD0D9BE1A77C82F0042E72B /* MainViewController.m */,
				FDD0D9C31A77CCB30042E72B /* StatusGroupViewController.h */,
				FDD0D9C41A77CCB30042E72B /* StatusGroupViewController.m */,
			);
			path = viewControllers;
			sourceTree = "<group>";
		};
		FDD0D9BC1A77C82F0042E72B /* datasource */ = {
			isa = PBXGroup;
			children = (
				FDD0D9C01A77C8480042E72B /* StatusGroupsTableDataSource.h */,
				FDD0D9C11A77C8480042E72B /* StatusGroupsTableDataSource.m */,
				FDD0D9C61A77CCC60042E72B /* StatusListDataSource.h */,
				FDD0D9C71A77CCC60042E72B /* StatusListDataSource.m */,
			);
			path = datasource;
			sourceTree = "<group>";
		};
		FDE3B3061A7699AA00FEAFF0 /* commands */ = {
			isa = PBXGroup;
			children = (
				FDE3B3071A7699B700FEAFF0 /* DownloadCommand.h */,
				FDE3B3081A7699B700FEAFF0 /* DownloadCommand.m */,
				FDE3B30A1A7699D400FEAFF0 /* ParseCommand.h */,
				FDE3B30B1A7699D400FEAFF0 /* ParseCommand.m */,
				FDE3B30D1A7699EB00FEAFF0 /* SaveEntitiesCommand.h */,
				FDE3B30E1A7699EB00FEAFF0 /* SaveEntitiesCommand.m */,
				FDE3B3101A7699FA00FEAFF0 /* ShareCommand.h */,
				FDE3B3111A7699FA00FEAFF0 /* ShareCommand.m */,
				FDE3B3151A76A1D500FEAFF0 /* BaseCommand.h */,
				FD8981EE1A98BAE300BD771A /* LoadGroupsCommand.h */,
				FD8981EF1A98BAE300BD771A /* LoadGroupsCommand.m */,
			);
			path = commands;
			sourceTree = "<group>";
		};
		FDE3B3161A76A9FE00FEAFF0 /* parser */ = {
			isa = PBXGroup;
			children = (
				FDE3B3171A76AA0900FEAFF0 /* Parser.h */,
				FDE3B3181A76AA0900FEAFF0 /* Parser.m */,
			);
			path = parser;
			sourceTree = "<group>";
		};
		FDE3B31A1A76BFE300FEAFF0 /* saver */ = {
			isa = PBXGroup;
			children = (
				FDE3B31B1A76C07000FEAFF0 /* EntitySaver.h */,
				FDE3B31C1A76C07000FEAFF0 /* EntitySaver.m */,
			);
			path = saver;
			sourceTree = "<group>";
		};
/* End PBXGroup section */

/* Begin PBXNativeTarget section */
		FD12240F1A74FB8700EC2772 /* VKStatuses */ = {
			isa = PBXNativeTarget;
			buildConfigurationList = FD1224331A74FB8700EC2772 /* Build configuration list for PBXNativeTarget "VKStatuses" */;
			buildPhases = (
				8D2503C7B297A921BC979F74 /* Check Pods Manifest.lock */,
				FD12240C1A74FB8700EC2772 /* Sources */,
				FD12240D1A74FB8700EC2772 /* Frameworks */,
				FD12240E1A74FB8700EC2772 /* Resources */,
				F16DACA45E7BF5B43B3B8728 /* Copy Pods Resources */,
			);
			buildRules = (
			);
			dependencies = (
			);
			name = VKStatuses;
			productName = VKStatuses;
			productReference = FD1224101A74FB8700EC2772 /* VKStatuses.app */;
			productType = "com.apple.product-type.application";
		};
		FD1224281A74FB8700EC2772 /* VKStatusesTests */ = {
			isa = PBXNativeTarget;
			buildConfigurationList = FD1224361A74FB8700EC2772 /* Build configuration list for PBXNativeTarget "VKStatusesTests" */;
			buildPhases = (
				FD1224251A74FB8700EC2772 /* Sources */,
				FD1224261A74FB8700EC2772 /* Frameworks */,
				FD1224271A74FB8700EC2772 /* Resources */,
			);
			buildRules = (
			);
			dependencies = (
				FD12242B1A74FB8700EC2772 /* PBXTargetDependency */,
			);
			name = VKStatusesTests;
			productName = VKStatusesTests;
			productReference = FD1224291A74FB8700EC2772 /* VKStatusesTests.xctest */;
			productType = "com.apple.product-type.bundle.unit-test";
		};
/* End PBXNativeTarget section */

/* Begin PBXProject section */
		FD1224081A74FB8700EC2772 /* Project object */ = {
			isa = PBXProject;
			attributes = {
				LastUpgradeCheck = 0610;
				ORGANIZATIONNAME = black9;
				TargetAttributes = {
					FD12240F1A74FB8700EC2772 = {
						CreatedOnToolsVersion = 6.1.1;
					};
					FD1224281A74FB8700EC2772 = {
						CreatedOnToolsVersion = 6.1.1;
						TestTargetID = FD12240F1A74FB8700EC2772;
					};
				};
			};
			buildConfigurationList = FD12240B1A74FB8700EC2772 /* Build configuration list for PBXProject "VKStatuses" */;
			compatibilityVersion = "Xcode 3.2";
			developmentRegion = English;
			hasScannedForEncodings = 0;
			knownRegions = (
				en,
				Base,
			);
			mainGroup = FD1224071A74FB8700EC2772;
			productRefGroup = FD1224111A74FB8700EC2772 /* Products */;
			projectDirPath = "";
			projectRoot = "";
			targets = (
				FD12240F1A74FB8700EC2772 /* VKStatuses */,
				FD1224281A74FB8700EC2772 /* VKStatusesTests */,
			);
		};
/* End PBXProject section */

/* Begin PBXResourcesBuildPhase section */
		FD12240E1A74FB8700EC2772 /* Resources */ = {
			isa = PBXResourcesBuildPhase;
			buildActionMask = 2147483647;
			files = (
				FD12241F1A74FB8700EC2772 /* Main.storyboard in Resources */,
				FD1224241A74FB8700EC2772 /* LaunchScreen.xib in Resources */,
				FD1224211A74FB8700EC2772 /* Images.xcassets in Resources */,
			);
			runOnlyForDeploymentPostprocessing = 0;
		};
		FD1224271A74FB8700EC2772 /* Resources */ = {
			isa = PBXResourcesBuildPhase;
			buildActionMask = 2147483647;
			files = (
			);
			runOnlyForDeploymentPostprocessing = 0;
		};
/* End PBXResourcesBuildPhase section */

/* Begin PBXShellScriptBuildPhase section */
		8D2503C7B297A921BC979F74 /* Check Pods Manifest.lock */ = {
			isa = PBXShellScriptBuildPhase;
			buildActionMask = 2147483647;
			files = (
			);
			inputPaths = (
			);
			name = "Check Pods Manifest.lock";
			outputPaths = (
			);
			runOnlyForDeploymentPostprocessing = 0;
			shellPath = /bin/sh;
			shellScript = "diff \"${PODS_ROOT}/../Podfile.lock\" \"${PODS_ROOT}/Manifest.lock\" > /dev/null\nif [[ $? != 0 ]] ; then\n    cat << EOM\nerror: The sandbox is not in sync with the Podfile.lock. Run 'pod install' or update your CocoaPods installation.\nEOM\n    exit 1\nfi\n";
			showEnvVarsInLog = 0;
		};
		F16DACA45E7BF5B43B3B8728 /* Copy Pods Resources */ = {
			isa = PBXShellScriptBuildPhase;
			buildActionMask = 2147483647;
			files = (
			);
			inputPaths = (
			);
			name = "Copy Pods Resources";
			outputPaths = (
			);
			runOnlyForDeploymentPostprocessing = 0;
			shellPath = /bin/sh;
			shellScript = "\"${SRCROOT}/Pods/Target Support Files/Pods/Pods-resources.sh\"\n";
			showEnvVarsInLog = 0;
		};
/* End PBXShellScriptBuildPhase section */

/* Begin PBXSourcesBuildPhase section */
		FD12240C1A74FB8700EC2772 /* Sources */ = {
			isa = PBXSourcesBuildPhase;
			buildActionMask = 2147483647;
			files = (
				FD12243C1A74FD5C00EC2772 /* VKStatuses.xcdatamodeld in Sources */,
				FD8981F01A98BAE300BD771A /* LoadGroupsCommand.m in Sources */,
				FDE3B3091A7699B700FEAFF0 /* DownloadCommand.m in Sources */,
				FDE3B30F1A7699EB00FEAFF0 /* SaveEntitiesCommand.m in Sources */,
				FDD0D9BF1A77C82F0042E72B /* MainViewController.m in Sources */,
				FDE3B3191A76AA0900FEAFF0 /* Parser.m in Sources */,
				FDE3B31D1A76C07000FEAFF0 /* EntitySaver.m in Sources */,
				FDE3B3121A7699FA00FEAFF0 /* ShareCommand.m in Sources */,
				FD1224491A7623F500EC2772 /* ShareManager.m in Sources */,
				FD1224451A76231900EC2772 /* Status.m in Sources */,
				FD1224421A76231800EC2772 /* StatusGroup.m in Sources */,
				FDE3B30C1A7699D400FEAFF0 /* ParseCommand.m in Sources */,
				FD1224191A74FB8700EC2772 /* AppDelegate.m in Sources */,
				FD1224161A74FB8700EC2772 /* main.m in Sources */,
				FD12244C1A76241300EC2772 /* DBManager.m in Sources */,
				FDD0D9BA1A77C7E30042E72B /* StatusGroupCell.m in Sources */,
				FDD0D9C81A77CCC60042E72B /* StatusListDataSource.m in Sources */,
				FDD0D9C21A77C8480042E72B /* StatusGroupsTableDataSource.m in Sources */,
				FDD0D9C51A77CCB30042E72B /* StatusGroupViewController.m in Sources */,
				FD1224531A765F9600EC2772 /* DownloadManager.m in Sources */,
			);
			runOnlyForDeploymentPostprocessing = 0;
		};
		FD1224251A74FB8700EC2772 /* Sources */ = {
			isa = PBXSourcesBuildPhase;
			buildActionMask = 2147483647;
			files = (
				FD1224301A74FB8700EC2772 /* VKStatusesTests.m in Sources */,
			);
			runOnlyForDeploymentPostprocessing = 0;
		};
/* End PBXSourcesBuildPhase section */

/* Begin PBXTargetDependency section */
		FD12242B1A74FB8700EC2772 /* PBXTargetDependency */ = {
			isa = PBXTargetDependency;
			target = FD12240F1A74FB8700EC2772 /* VKStatuses */;
			targetProxy = FD12242A1A74FB8700EC2772 /* PBXContainerItemProxy */;
		};
/* End PBXTargetDependency section */

/* Begin PBXVariantGroup section */
		FD12241D1A74FB8700EC2772 /* Main.storyboard */ = {
			isa = PBXVariantGroup;
			children = (
				FD12241E1A74FB8700EC2772 /* Base */,
			);
			name = Main.storyboard;
			sourceTree = "<group>";
		};
		FD1224221A74FB8700EC2772 /* LaunchScreen.xib */ = {
			isa = PBXVariantGroup;
			children = (
				FD1224231A74FB8700EC2772 /* Base */,
			);
			name = LaunchScreen.xib;
			sourceTree = "<group>";
		};
/* End PBXVariantGroup section */

/* Begin XCBuildConfiguration section */
		FD1224311A74FB8700EC2772 /* Debug */ = {
			isa = XCBuildConfiguration;
			buildSettings = {
				ALWAYS_SEARCH_USER_PATHS = NO;
				CLANG_CXX_LANGUAGE_STANDARD = "gnu++0x";
				CLANG_CXX_LIBRARY = "libc++";
				CLANG_ENABLE_MODULES = YES;
				CLANG_ENABLE_OBJC_ARC = YES;
				CLANG_WARN_BOOL_CONVERSION = YES;
				CLANG_WARN_CONSTANT_CONVERSION = YES;
				CLANG_WARN_DIRECT_OBJC_ISA_USAGE = YES_ERROR;
				CLANG_WARN_EMPTY_BODY = YES;
				CLANG_WARN_ENUM_CONVERSION = YES;
				CLANG_WARN_INT_CONVERSION = YES;
				CLANG_WARN_OBJC_ROOT_CLASS = YES_ERROR;
				CLANG_WARN_UNREACHABLE_CODE = YES;
				CLANG_WARN__DUPLICATE_METHOD_MATCH = YES;
				"CODE_SIGN_IDENTITY[sdk=iphoneos*]" = "iPhone Developer";
				COPY_PHASE_STRIP = NO;
				ENABLE_STRICT_OBJC_MSGSEND = YES;
				GCC_C_LANGUAGE_STANDARD = gnu99;
				GCC_DYNAMIC_NO_PIC = NO;
				GCC_OPTIMIZATION_LEVEL = 0;
				GCC_PREPROCESSOR_DEFINITIONS = (
					"DEBUG=1",
					"$(inherited)",
				);
				GCC_SYMBOLS_PRIVATE_EXTERN = NO;
				GCC_WARN_64_TO_32_BIT_CONVERSION = YES;
				GCC_WARN_ABOUT_RETURN_TYPE = YES_ERROR;
				GCC_WARN_UNDECLARED_SELECTOR = YES;
				GCC_WARN_UNINITIALIZED_AUTOS = YES_AGGRESSIVE;
				GCC_WARN_UNUSED_FUNCTION = YES;
				GCC_WARN_UNUSED_VARIABLE = YES;
				IPHONEOS_DEPLOYMENT_TARGET = 8.1;
				MTL_ENABLE_DEBUG_INFO = YES;
				ONLY_ACTIVE_ARCH = YES;
				SDKROOT = iphoneos;
			};
			name = Debug;
		};
		FD1224321A74FB8700EC2772 /* Release */ = {
			isa = XCBuildConfiguration;
			buildSettings = {
				ALWAYS_SEARCH_USER_PATHS = NO;
				CLANG_CXX_LANGUAGE_STANDARD = "gnu++0x";
				CLANG_CXX_LIBRARY = "libc++";
				CLANG_ENABLE_MODULES = YES;
				CLANG_ENABLE_OBJC_ARC = YES;
				CLANG_WARN_BOOL_CONVERSION = YES;
				CLANG_WARN_CONSTANT_CONVERSION = YES;
				CLANG_WARN_DIRECT_OBJC_ISA_USAGE = YES_ERROR;
				CLANG_WARN_EMPTY_BODY = YES;
				CLANG_WARN_ENUM_CONVERSION = YES;
				CLANG_WARN_INT_CONVERSION = YES;
				CLANG_WARN_OBJC_ROOT_CLASS = YES_ERROR;
				CLANG_WARN_UNREACHABLE_CODE = YES;
				CLANG_WARN__DUPLICATE_METHOD_MATCH = YES;
				"CODE_SIGN_IDENTITY[sdk=iphoneos*]" = "iPhone Developer";
				COPY_PHASE_STRIP = YES;
				ENABLE_NS_ASSERTIONS = NO;
				ENABLE_STRICT_OBJC_MSGSEND = YES;
				GCC_C_LANGUAGE_STANDARD = gnu99;
				GCC_WARN_64_TO_32_BIT_CONVERSION = YES;
				GCC_WARN_ABOUT_RETURN_TYPE = YES_ERROR;
				GCC_WARN_UNDECLARED_SELECTOR = YES;
				GCC_WARN_UNINITIALIZED_AUTOS = YES_AGGRESSIVE;
				GCC_WARN_UNUSED_FUNCTION = YES;
				GCC_WARN_UNUSED_VARIABLE = YES;
				IPHONEOS_DEPLOYMENT_TARGET = 8.1;
				MTL_ENABLE_DEBUG_INFO = NO;
				SDKROOT = iphoneos;
				VALIDATE_PRODUCT = YES;
			};
			name = Release;
		};
		FD1224341A74FB8700EC2772 /* Debug */ = {
			isa = XCBuildConfiguration;
			baseConfigurationReference = 2EAB3DB8D8E303A9679E74DC /* Pods.debug.xcconfig */;
			buildSettings = {
				ASSETCATALOG_COMPILER_APPICON_NAME = AppIcon;
				INFOPLIST_FILE = VKStatuses/Info.plist;
				IPHONEOS_DEPLOYMENT_TARGET = 7.0;
				LD_RUNPATH_SEARCH_PATHS = "$(inherited) @executable_path/Frameworks";
				PRODUCT_NAME = "$(TARGET_NAME)";
			};
			name = Debug;
		};
		FD1224351A74FB8700EC2772 /* Release */ = {
			isa = XCBuildConfiguration;
			baseConfigurationReference = 38B36714132A18961D6CC66A /* Pods.release.xcconfig */;
			buildSettings = {
				ASSETCATALOG_COMPILER_APPICON_NAME = AppIcon;
				INFOPLIST_FILE = VKStatuses/Info.plist;
				IPHONEOS_DEPLOYMENT_TARGET = 7.0;
				LD_RUNPATH_SEARCH_PATHS = "$(inherited) @executable_path/Frameworks";
				PRODUCT_NAME = "$(TARGET_NAME)";
			};
			name = Release;
		};
		FD1224371A74FB8700EC2772 /* Debug */ = {
			isa = XCBuildConfiguration;
			buildSettings = {
				BUNDLE_LOADER = "$(TEST_HOST)";
				FRAMEWORK_SEARCH_PATHS = (
					"$(SDKROOT)/Developer/Library/Frameworks",
					"$(inherited)",
				);
				GCC_PREPROCESSOR_DEFINITIONS = (
					"DEBUG=1",
					"$(inherited)",
				);
				INFOPLIST_FILE = VKStatusesTests/Info.plist;
				LD_RUNPATH_SEARCH_PATHS = "$(inherited) @executable_path/Frameworks @loader_path/Frameworks";
				PRODUCT_NAME = "$(TARGET_NAME)";
				TEST_HOST = "$(BUILT_PRODUCTS_DIR)/VKStatuses.app/VKStatuses";
			};
			name = Debug;
		};
		FD1224381A74FB8700EC2772 /* Release */ = {
			isa = XCBuildConfiguration;
			buildSettings = {
				BUNDLE_LOADER = "$(TEST_HOST)";
				FRAMEWORK_SEARCH_PATHS = (
					"$(SDKROOT)/Developer/Library/Frameworks",
					"$(inherited)",
				);
				INFOPLIST_FILE = VKStatusesTests/Info.plist;
				LD_RUNPATH_SEARCH_PATHS = "$(inherited) @executable_path/Frameworks @loader_path/Frameworks";
				PRODUCT_NAME = "$(TARGET_NAME)";
				TEST_HOST = "$(BUILT_PRODUCTS_DIR)/VKStatuses.app/VKStatuses";
			};
			name = Release;
		};
/* End XCBuildConfiguration section */

/* Begin XCConfigurationList section */
		FD12240B1A74FB8700EC2772 /* Build configuration list for PBXProject "VKStatuses" */ = {
			isa = XCConfigurationList;
			buildConfigurations = (
				FD1224311A74FB8700EC2772 /* Debug */,
				FD1224321A74FB8700EC2772 /* Release */,
			);
			defaultConfigurationIsVisible = 0;
			defaultConfigurationName = Release;
		};
		FD1224331A74FB8700EC2772 /* Build configuration list for PBXNativeTarget "VKStatuses" */ = {
			isa = XCConfigurationList;
			buildConfigurations = (
				FD1224341A74FB8700EC2772 /* Debug */,
				FD1224351A74FB8700EC2772 /* Release */,
			);
			defaultConfigurationIsVisible = 0;
			defaultConfigurationName = Release;
		};
		FD1224361A74FB8700EC2772 /* Build configuration list for PBXNativeTarget "VKStatusesTests" */ = {
			isa = XCConfigurationList;
			buildConfigurations = (
				FD1224371A74FB8700EC2772 /* Debug */,
				FD1224381A74FB8700EC2772 /* Release */,
			);
			defaultConfigurationIsVisible = 0;
			defaultConfigurationName = Release;
		};
/* End XCConfigurationList section */

/* Begin XCVersionGroup section */
		FD12243A1A74FD5C00EC2772 /* VKStatuses.xcdatamodeld */ = {
			isa = XCVersionGroup;
			children = (
				FD12243B1A74FD5C00EC2772 /* VKStatuses.xcdatamodel */,
			);
			currentVersion = FD12243B1A74FD5C00EC2772 /* VKStatuses.xcdatamodel */;
			path = VKStatuses.xcdatamodeld;
			sourceTree = "<group>";
			versionGroupType = wrapper.xcdatamodel;
		};
/* End XCVersionGroup section */
	};
	rootObject = FD1224081A74FB8700EC2772 /* Project object */;
}
